
Microsoft Visual Studio Solution File, Format Version 12.00
# Visual Studio Version 17
VisualStudioVersion = 17.11.35327.3
MinimumVisualStudioVersion = 10.0.40219.1
Project("{C9674DCB-5085-4A16-B785-4C70DD1589BD}") = "LoadDwdOrders", "LoadDwdOrders\LoadDwdOrders.dtproj", "{CD0E92AE-6D31-4C09-B03D-41EA01271EE3}"
EndProject
Global
	GlobalSection(SolutionConfigurationPlatforms) = preSolution
		Development|Default = Development|Default
	EndGlobalSection
	GlobalSection(ProjectConfigurationPlatforms) = postSolution
		{CD0E92AE-6D31-4C09-B03D-41EA01271EE3}.Development|Default.ActiveCfg = Development
		{CD0E92AE-6D31-4C09-B03D-41EA01271EE3}.Development|Default.Build.0 = Development
	EndGlobalSection
	GlobalSection(SolutionProperties) = preSolution
		HideSolutionNode = FALSE
	EndGlobalSection
	GlobalSection(ExtensibilityGlobals) = postSolution
		SolutionGuid = {D24EAF32-9041-4E25-8E08-1351C2E2FF04}
	EndGlobalSection
EndGlobal
